// !$*UTF8*$!
{
	archiveVersion = 1;
	classes = {
	};
	objectVersion = 50;
	objects = {

/* Begin PBXBuildFile section */
		10F199FE2653FC1D00B86DCD /* AppDelegate.swift in Sources */ = {isa = PBXBuildFile; fileRef = 10F199FD2653FC1D00B86DCD /* AppDelegate.swift */; };
		10F19A002653FC1E00B86DCD /* SceneDelegate.swift in Sources */ = {isa = PBXBuildFile; fileRef = 10F199FF2653FC1E00B86DCD /* SceneDelegate.swift */; };
		10F19A022653FC1E00B86DCD /* ViewController.swift in Sources */ = {isa = PBXBuildFile; fileRef = 10F19A012653FC1E00B86DCD /* ViewController.swift */; };
		10F19A052653FC1E00B86DCD /* Main.storyboard in Resources */ = {isa = PBXBuildFile; fileRef = 10F19A032653FC1E00B86DCD /* Main.storyboard */; };
		10F19A072653FC2000B86DCD /* Assets.xcassets in Resources */ = {isa = PBXBuildFile; fileRef = 10F19A062653FC2000B86DCD /* Assets.xcassets */; };
		10F19A0A2653FC2000B86DCD /* LaunchScreen.storyboard in Resources */ = {isa = PBXBuildFile; fileRef = 10F19A082653FC2000B86DCD /* LaunchScreen.storyboard */; };
/* End PBXBuildFile section */

/* Begin PBXFileReference section */
		10F199FA2653FC1D00B86DCD /* Swiftbook 2.1.app */ = {isa = PBXFileReference; explicitFileType = wrapper.application; includeInIndex = 0; path = "Swiftbook 2.1.app"; sourceTree = BUILT_PRODUCTS_DIR; };
		10F199FD2653FC1D00B86DCD /* AppDelegate.swift */ = {isa = PBXFileReference; lastKnownFileType = sourcecode.swift; path = AppDelegate.swift; sourceTree = "<group>"; };
		10F199FF2653FC1E00B86DCD /* SceneDelegate.swift */ = {isa = PBXFileReference; lastKnownFileType = sourcecode.swift; path = SceneDelegate.swift; sourceTree = "<group>"; };
		10F19A012653FC1E00B86DCD /* ViewController.swift */ = {isa = PBXFileReference; lastKnownFileType = sourcecode.swift; path = ViewController.swift; sourceTree = "<group>"; };
		10F19A042653FC1E00B86DCD /* Base */ = {isa = PBXFileReference; lastKnownFileType = file.storyboard; name = Base; path = Base.lproj/Main.storyboard; sourceTree = "<group>"; };
		10F19A062653FC2000B86DCD /* Assets.xcassets */ = {isa = PBXFileReference; lastKnownFileType = folder.assetcatalog; path = Assets.xcassets; sourceTree = "<group>"; };
		10F19A092653FC2000B86DCD /* Base */ = {isa = PBXFileReference; lastKnownFileType = file.storyboard; name = Base; path = Base.lproj/LaunchScreen.storyboard; sourceTree = "<group>"; };
		10F19A0B2653FC2000B86DCD /* Info.plist */ = {isa = PBXFileReference; lastKnownFileType = text.plist.xml; path = Info.plist; sourceTree = "<group>"; };
/* End PBXFileReference section */

/* Begin PBXFrameworksBuildPhase section */
		10F199F72653FC1D00B86DCD /* Frameworks */ = {
			isa = PBXFrameworksBuildPhase;
			buildActionMask = 2147483647;
			files = (
			);
			runOnlyForDeploymentPostprocessing = 0;
		};
/* End PBXFrameworksBuildPhase section */

/* Begin PBXGroup section */
		10F199F12653FC1D00B86DCD = {
			isa = PBXGroup;
			children = (
				10F199FC2653FC1D00B86DCD /* Swiftbook 2.1 */,
				10F199FB2653FC1D00B86DCD /* Products */,
			);
			sourceTree = "<group>";
		};
		10F199FB2653FC1D00B86DCD /* Products */ = {
			isa = PBXGroup;
			children = (
				10F199FA2653FC1D00B86DCD /* Swiftbook 2.1.app */,
			);
			name = Products;
			sourceTree = "<group>";
		};
		10F199FC2653FC1D00B86DCD /* Swiftbook 2.1 */ = {
			isa = PBXGroup;
			children = (
				10F199FD2653FC1D00B86DCD /* AppDelegate.swift */,
				10F199FF2653FC1E00B86DCD /* SceneDelegate.swift */,
				10F19A012653FC1E00B86DCD /* ViewController.swift */,
				10F19A032653FC1E00B86DCD /* Main.storyboard */,
				10F19A062653FC2000B86DCD /* Assets.xcassets */,
				10F19A082653FC2000B86DCD /* LaunchScreen.storyboard */,
				10F19A0B2653FC2000B86DCD /* Info.plist */,
			);
			path = "Swiftbook 2.1";
			sourceTree = "<group>";
		};
/* End PBXGroup section */

/* Begin PBXNativeTarget section */
		10F199F92653FC1D00B86DCD /* Swiftbook 2.1 */ = {
			isa = PBXNativeTarget;
			buildConfigurationList = 10F19A0E2653FC2000B86DCD /* Build configuration list for PBXNativeTarget "Swiftbook 2.1" */;
			buildPhases = (
				10F199F62653FC1D00B86DCD /* Sources */,
				10F199F72653FC1D00B86DCD /* Frameworks */,
				10F199F82653FC1D00B86DCD /* Resources */,
			);
			buildRules = (
			);
			dependencies = (
			);
			name = "Swiftbook 2.1";
			productName = "Swiftbook 2.1";
			productReference = 10F199FA2653FC1D00B86DCD /* Swiftbook 2.1.app */;
			productType = "com.apple.product-type.application";
		};
/* End PBXNativeTarget section */

/* Begin PBXProject section */
		10F199F22653FC1D00B86DCD /* Project object */ = {
			isa = PBXProject;
			attributes = {
				LastSwiftUpdateCheck = 1240;
				LastUpgradeCheck = 1240;
				TargetAttributes = {
					10F199F92653FC1D00B86DCD = {
						CreatedOnToolsVersion = 12.4;
					};
				};
			};
			buildConfigurationList = 10F199F52653FC1D00B86DCD /* Build configuration list for PBXProject "Swiftbook 2.1" */;
			compatibilityVersion = "Xcode 9.3";
			developmentRegion = en;
			hasScannedForEncodings = 0;
			knownRegions = (
				en,
				Base,
			);
			mainGroup = 10F199F12653FC1D00B86DCD;
			productRefGroup = 10F199FB2653FC1D00B86DCD /* Products */;
			projectDirPath = "";
			projectRoot = "";
			targets = (
				10F199F92653FC1D00B86DCD /* Swiftbook 2.1 */,
			);
		};
/* End PBXProject section */

/* Begin PBXResourcesBuildPhase section */
		10F199F82653FC1D00B86DCD /* Resources */ = {
			isa = PBXResourcesBuildPhase;
			buildActionMask = 2147483647;
			files = (
				10F19A0A2653FC2000B86DCD /* LaunchScreen.storyboard in Resources */,
				10F19A072653FC2000B86DCD /* Assets.xcassets in Resources */,
				10F19A052653FC1E00B86DCD /* Main.storyboard in Resources */,
			);
			runOnlyForDeploymentPostprocessing = 0;
		};
/* End PBXResourcesBuildPhase section */

/* Begin PBXSourcesBuildPhase section */
		10F199F62653FC1D00B86DCD /* Sources */ = {
			isa = PBXSourcesBuildPhase;
			buildActionMask = 2147483647;
			files = (
				10F19A022653FC1E00B86DCD /* ViewController.swift in Sources */,
				10F199FE2653FC1D00B86DCD /* AppDelegate.swift in Sources */,
				10F19A002653FC1E00B86DCD /* SceneDelegate.swift in Sources */,
			);
			runOnlyForDeploymentPostprocessing = 0;
		};
/* End PBXSourcesBuildPhase section */

/* Begin PBXVariantGroup section */
		10F19A032653FC1E00B86DCD /* Main.storyboard */ = {
			isa = PBXVariantGroup;
			children = (
				10F19A042653FC1E00B86DCD /* Base */,
			);
			name = Main.storyboard;
			sourceTree = "<group>";
		};
		10F19A082653FC2000B86DCD /* LaunchScreen.storyboard */ = {
			isa = PBXVariantGroup;
			children = (
				10F19A092653FC2000B86DCD /* Base */,
			);
			name = LaunchScreen.storyboard;
			sourceTree = "<group>";
		};
/* End PBXVariantGroup section */

/* Begin XCBuildConfiguration section */
		10F19A0C2653FC2000B86DCD /* Debug */ = {
			isa = XCBuildConfiguration;
			buildSettings = {
				ALWAYS_SEARCH_USER_PATHS = NO;
				CLANG_ANALYZER_NONNULL = YES;
				CLANG_ANALYZER_NUMBER_OBJECT_CONVERSION = YES_AGGRESSIVE;
				CLANG_CXX_LANGUAGE_STANDARD = "gnu++14";
				CLANG_CXX_LIBRARY = "libc++";
				CLANG_ENABLE_MODULES = YES;
				CLANG_ENABLE_OBJC_ARC = YES;
				CLANG_ENABLE_OBJC_WEAK = YES;
				CLANG_WARN_BLOCK_CAPTURE_AUTORELEASING = YES;
				CLANG_WARN_BOOL_CONVERSION = YES;
				CLANG_WARN_COMMA = YES;
				CLANG_WARN_CONSTANT_CONVERSION = YES;
				CLANG_WARN_DEPRECATED_OBJC_IMPLEMENTATIONS = YES;
				CLANG_WARN_DIRECT_OBJC_ISA_USAGE = YES_ERROR;
				CLANG_WARN_DOCUMENTATION_COMMENTS = YES;
				CLANG_WARN_EMPTY_BODY = YES;
				CLANG_WARN_ENUM_CONVERSION = YES;
				CLANG_WARN_INFINITE_RECURSION = YES;
				CLANG_WARN_INT_CONVERSION = YES;
				CLANG_WARN_NON_LITERAL_NULL_CONVERSION = YES;
				CLANG_WARN_OBJC_IMPLICIT_RETAIN_SELF = YES;
				CLANG_WARN_OBJC_LITERAL_CONVERSION = YES;
				CLANG_WARN_OBJC_ROOT_CLASS = YES_ERROR;
				CLANG_WARN_QUOTED_INCLUDE_IN_FRAMEWORK_HEADER = YES;
				CLANG_WARN_RANGE_LOOP_ANALYSIS = YES;
				CLANG_WARN_STRICT_PROTOTYPES = YES;
				CLANG_WARN_SUSPICIOUS_MOVE = YES;
				CLANG_WARN_UNGUARDED_AVAILABILITY = YES_AGGRESSIVE;
				CLANG_WARN_UNREACHABLE_CODE = YES;
				CLANG_WARN__DUPLICATE_METHOD_MATCH = YES;
				COPY_PHASE_STRIP = NO;
				DEBUG_INFORMATION_FORMAT = dwarf;
				ENABLE_STRICT_OBJC_MSGSEND = YES;
				ENABLE_TESTABILITY = YES;
				GCC_C_LANGUAGE_STANDARD = gnu11;
				GCC_DYNAMIC_NO_PIC = NO;
				GCC_NO_COMMON_BLOCKS = YES;
				GCC_OPTIMIZATION_LEVEL = 0;
				GCC_PREPROCESSOR_DEFINITIONS = (
					"DEBUG=1",
					"$(inherited)",
				);
				GCC_WARN_64_TO_32_BIT_CONVERSION = YES;
				GCC_WARN_ABOUT_RETURN_TYPE = YES_ERROR;
				GCC_WARN_UNDECLARED_SELECTOR = YES;
				GCC_WARN_UNINITIALIZED_AUTOS = YES_AGGRESSIVE;
				GCC_WARN_UNUSED_FUNCTION = YES;
				GCC_WARN_UNUSED_VARIABLE = YES;
				IPHONEOS_DEPLOYMENT_TARGET = 14.4;
				MTL_ENABLE_DEBUG_INFO = INCLUDE_SOURCE;
				MTL_FAST_MATH = YES;
				ONLY_ACTIVE_ARCH = YES;
				SDKROOT = iphoneos;
				SWIFT_ACTIVE_COMPILATION_CONDITIONS = DEBUG;
				SWIFT_OPTIMIZATION_LEVEL = "-Onone";
			};
			name = Debug;
		};
		10F19A0D2653FC2000B86DCD /* Release */ = {
			isa = XCBuildConfiguration;
			buildSettings = {
				ALWAYS_SEARCH_USER_PATHS = NO;
				CLANG_ANALYZER_NONNULL = YES;
				CLANG_ANALYZER_NUMBER_OBJECT_CONVERSION = YES_AGGRESSIVE;
				CLANG_CXX_LANGUAGE_STANDARD = "gnu++14";
				CLANG_CXX_LIBRARY = "libc++";
				CLANG_ENABLE_MODULES = YES;
				CLANG_ENABLE_OBJC_ARC = YES;
				CLANG_ENABLE_OBJC_WEAK = YES;
				CLANG_WARN_BLOCK_CAPTURE_AUTORELEASING = YES;
				CLANG_WARN_BOOL_CONVERSION = YES;
				CLANG_WARN_COMMA = YES;
				CLANG_WARN_CONSTANT_CONVERSION = YES;
				CLANG_WARN_DEPRECATED_OBJC_IMPLEMENTATIONS = YES;
				CLANG_WARN_DIRECT_OBJC_ISA_USAGE = YES_ERROR;
				CLANG_WARN_DOCUMENTATION_COMMENTS = YES;
				CLANG_WARN_EMPTY_BODY = YES;
				CLANG_WARN_ENUM_CONVERSION = YES;
				CLANG_WARN_INFINITE_RECURSION = YES;
				CLANG_WARN_INT_CONVERSION = YES;
				CLANG_WARN_NON_LITERAL_NULL_CONVERSION = YES;
				CLANG_WARN_OBJC_IMPLICIT_RETAIN_SELF = YES;
				CLANG_WARN_OBJC_LITERAL_CONVERSION = YES;
				CLANG_WARN_OBJC_ROOT_CLASS = YES_ERROR;
				CLANG_WARN_QUOTED_INCLUDE_IN_FRAMEWORK_HEADER = YES;
				CLANG_WARN_RANGE_LOOP_ANALYSIS = YES;
				CLANG_WARN_STRICT_PROTOTYPES = YES;
				CLANG_WARN_SUSPICIOUS_MOVE = YES;
				CLANG_WARN_UNGUARDED_AVAILABILITY = YES_AGGRESSIVE;
				CLANG_WARN_UNREACHABLE_CODE = YES;
				CLANG_WARN__DUPLICATE_METHOD_MATCH = YES;
				COPY_PHASE_STRIP = NO;
				DEBUG_INFORMATION_FORMAT = "dwarf-with-dsym";
				ENABLE_NS_ASSERTIONS = NO;
				ENABLE_STRICT_OBJC_MSGSEND = YES;
				GCC_C_LANGUAGE_STANDARD = gnu11;
				GCC_NO_COMMON_BLOCKS = YES;
				GCC_WARN_64_TO_32_BIT_CONVERSION = YES;
				GCC_WARN_ABOUT_RETURN_TYPE = YES_ERROR;
				GCC_WARN_UNDECLARED_SELECTOR = YES;
				GCC_WARN_UNINITIALIZED_AUTOS = YES_AGGRESSIVE;
				GCC_WARN_UNUSED_FUNCTION = YES;
				GCC_WARN_UNUSED_VARIABLE = YES;
				IPHONEOS_DEPLOYMENT_TARGET = 14.4;
				MTL_ENABLE_DEBUG_INFO = NO;
				MTL_FAST_MATH = YES;
				SDKROOT = iphoneos;
				SWIFT_COMPILATION_MODE = wholemodule;
				SWIFT_OPTIMIZATION_LEVEL = "-O";
				VALIDATE_PRODUCT = YES;
			};
			name = Release;
		};
		10F19A0F2653FC2000B86DCD /* Debug */ = {
			isa = XCBuildConfiguration;
			buildSettings = {
				ASSETCATALOG_COMPILER_APPICON_NAME = AppIcon;
				ASSETCATALOG_COMPILER_GLOBAL_ACCENT_COLOR_NAME = AccentColor;
				CODE_SIGN_STYLE = Automatic;
				DEVELOPMENT_TEAM = 259MC8245R;
				INFOPLIST_FILE = "Swiftbook 2.1/Info.plist";
				IPHONEOS_DEPLOYMENT_TARGET = 13.6;
				LD_RUNPATH_SEARCH_PATHS = (
					"$(inherited)",
					"@executable_path/Frameworks",
				);
				PRODUCT_BUNDLE_IDENTIFIER = "swiftbook.Swiftbook-2-1";
				PRODUCT_NAME = "$(TARGET_NAME)";
				SWIFT_VERSION = 5.0;
				TARGETED_DEVICE_FAMILY = "1,2";
			};
			name = Debug;
		};
		10F19A102653FC2000B86DCD /* Release */ = {
			isa = XCBuildConfiguration;
			buildSettings = {
				ASSETCATALOG_COMPILER_APPICON_NAME = AppIcon;
				ASSETCATALOG_COMPILER_GLOBAL_ACCENT_COLOR_NAME = AccentColor;
				CODE_SIGN_STYLE = Automatic;
				DEVELOPMENT_TEAM = 259MC8245R;
				INFOPLIST_FILE = "Swiftbook 2.1/Info.plist";
				IPHONEOS_DEPLOYMENT_TARGET = 13.6;
				LD_RUNPATH_SEARCH_PATHS = (
					"$(inherited)",
					"@executable_path/Frameworks",
				);
				PRODUCT_BUNDLE_IDENTIFIER = "swiftbook.Swiftbook-2-1";
				PRODUCT_NAME = "$(TARGET_NAME)";
				SWIFT_VERSION = 5.0;
				TARGETED_DEVICE_FAMILY = "1,2";
			};
			name = Release;
		};
/* End XCBuildConfiguration section */

/* Begin XCConfigurationList section */
		10F199F52653FC1D00B86DCD /* Build configuration list for PBXProject "Swiftbook 2.1" */ = {
			isa = XCConfigurationList;
			buildConfigurations = (
				10F19A0C2653FC2000B86DCD /* Debug */,
				10F19A0D2653FC2000B86DCD /* Release */,
			);
			defaultConfigurationIsVisible = 0;
			defaultConfigurationName = Release;
		};
		10F19A0E2653FC2000B86DCD /* Build configuration list for PBXNativeTarget "Swiftbook 2.1" */ = {
			isa = XCConfigurationList;
			buildConfigurations = (
				10F19A0F2653FC2000B86DCD /* Debug */,
				10F19A102653FC2000B86DCD /* Release */,
			);
			defaultConfigurationIsVisible = 0;
			defaultConfigurationName = Release;
		};
/* End XCConfigurationList section */
	};
	rootObject = 10F199F22653FC1D00B86DCD /* Project object */;
}
